
Microsoft Visual Studio Solution File, Format Version 12.00
# Visual Studio Version 17
VisualStudioVersion = 17.13.35913.81
MinimumVisualStudioVersion = 10.0.40219.1
Project("{FAE04EC0-301F-11D3-BF4B-00C04F79EFBC}") = "PersonalFinanceTracker", "PersonalFinanceTracker\PersonalFinanceTracker.csproj", "{57E3FA68-B77D-4507-AD43-B9162876FE65}"
EndProject
Project("{FAE04EC0-301F-11D3-BF4B-00C04F79EFBC}") = "PersonalFinanceTracker.Client", "PersonalFinanceTracker.Client\PersonalFinanceTracker.Client.csproj", "{948B57D5-8999-4BA9-83EC-D9200F5FDAF0}"
EndProject
Project("{FAE04EC0-301F-11D3-BF4B-00C04F79EFBC}") = "PersonalFinanceTracker.Data", "PersonalFinanceTracker.Data\PersonalFinanceTracker.Data.csproj", "{ED580360-4305-4A79-DE20-9F8CABE437E6}"
EndProject
Global
	GlobalSection(SolutionConfigurationPlatforms) = preSolution
		Debug|Any CPU = Debug|Any CPU
		Release|Any CPU = Release|Any CPU
	EndGlobalSection
	GlobalSection(ProjectConfigurationPlatforms) = postSolution
		{57E3FA68-B77D-4507-AD43-B9162876FE65}.Debug|Any CPU.ActiveCfg = Debug|Any CPU
		{57E3FA68-B77D-4507-AD43-B9162876FE65}.Debug|Any CPU.Build.0 = Debug|Any CPU
		{57E3FA68-B77D-4507-AD43-B9162876FE65}.Release|Any CPU.ActiveCfg = Release|Any CPU
		{57E3FA68-B77D-4507-AD43-B9162876FE65}.Release|Any CPU.Build.0 = Release|Any CPU
		{948B57D5-8999-4BA9-83EC-D9200F5FDAF0}.Debug|Any CPU.ActiveCfg = Debug|Any CPU
		{948B57D5-8999-4BA9-83EC-D9200F5FDAF0}.Debug|Any CPU.Build.0 = Debug|Any CPU
		{948B57D5-8999-4BA9-83EC-D9200F5FDAF0}.Release|Any CPU.ActiveCfg = Release|Any CPU
		{948B57D5-8999-4BA9-83EC-D9200F5FDAF0}.Release|Any CPU.Build.0 = Release|Any CPU
		{ED580360-4305-4A79-DE20-9F8CABE437E6}.Debug|Any CPU.ActiveCfg = Debug|Any CPU
		{ED580360-4305-4A79-DE20-9F8CABE437E6}.Debug|Any CPU.Build.0 = Debug|Any CPU
		{ED580360-4305-4A79-DE20-9F8CABE437E6}.Release|Any CPU.ActiveCfg = Release|Any CPU
		{ED580360-4305-4A79-DE20-9F8CABE437E6}.Release|Any CPU.Build.0 = Release|Any CPU
	EndGlobalSection
	GlobalSection(SolutionProperties) = preSolution
		HideSolutionNode = FALSE
	EndGlobalSection
	GlobalSection(ExtensibilityGlobals) = postSolution
		SolutionGuid = {BECF9D76-34DC-4048-8EE3-3ECD1A6C6A65}
	EndGlobalSection
EndGlobal
